
Microsoft Visual Studio Solution File, Format Version 12.00
# Visual Studio Version 16
VisualStudioVersion = 16.0.33927.289
MinimumVisualStudioVersion = 10.0.40219.1
Project("{2150E333-8FDC-42A3-9474-1A3956D46DE8}") = "task0", "task0", "{29092EC4-0802-433E-969C-F50007B67E98}"
EndProject
Project("{FAE04EC0-301F-11D3-BF4B-00C04F79EFBC}") = "Tyuiu.GorovenkoGV.Sprint0.Task0", "Tyuiu.GorovenkoGV.Sprint0.Task0\Tyuiu.GorovenkoGV.Sprint0.Task0.csproj", "{28B21C39-BC77-4A38-B22C-B8F3AE232D81}"
EndProject
Project("{2150E333-8FDC-42A3-9474-1A3956D46DE8}") = "task1", "task1", "{EE1C0167-1E39-4BD8-B72B-07A7C0114FFB}"
EndProject
Project("{FAE04EC0-301F-11D3-BF4B-00C04F79EFBC}") = "Tyuiu.GorovenkoGV.Sprint0.Task1.V0", "Tyuiu.GorovenkoGV.Sprint0.Task1.V0\Tyuiu.GorovenkoGV.Sprint0.Task1.V0.csproj", "{B04C562B-42E8-4DA2-8A4F-F98B2298CAD9}"
EndProject
Project("{2150E333-8FDC-42A3-9474-1A3956D46DE8}") = "task2", "task2", "{BC7B5206-7F81-4E70-946A-A52A2309D687}"
EndProject
Project("{FAE04EC0-301F-11D3-BF4B-00C04F79EFBC}") = "Tyuiu.GorovenkoGV.Sprint0.Task2.V0", "Tyuiu.GorovenkoGV.Sprint0.Task2.V0\Tyuiu.GorovenkoGV.Sprint0.Task2.V0.csproj", "{F3914AB1-01D0-4871-8B71-BC60003B35D8}"
EndProject
Project("{FAE04EC0-301F-11D3-BF4B-00C04F79EFBC}") = "Tyuiu.GorovenkoGV.Sprint0.Task2.V0.Lib", "Tyuiu.GorovenkoGV.Sprint0.Task2.V0.Lib\Tyuiu.GorovenkoGV.Sprint0.Task2.V0.Lib.csproj", "{FDEC99A9-5DF0-4FE9-A532-D28AD038C763}"
EndProject
Project("{FAE04EC0-301F-11D3-BF4B-00C04F79EFBC}") = "Tyuiu.GorovenkoGV.Sprint0.Task2V0.Test", "Tyuiu.GorovenkoGV.Sprint0.Task2V0.Test\Tyuiu.GorovenkoGV.Sprint0.Task2V0.Test.csproj", "{85BD4F71-1716-481F-B9B9-785EC69FF4B8}"
EndProject
Project("{2150E333-8FDC-42A3-9474-1A3956D46DE8}") = "task3", "task3", "{9EC36F06-5EEF-4367-A1DC-A43405A07865}"
EndProject
Project("{FAE04EC0-301F-11D3-BF4B-00C04F79EFBC}") = "Tyuiu.GorovenkoGV.Sprint0.Task3V0.Test", "Tyuiu.GorovenkoGV.Sprint0.Task3V0.Test\Tyuiu.GorovenkoGV.Sprint0.Task3V0.Test.csproj", "{C0865FEB-4DA9-44B8-8E48-EE8E243F786E}"
EndProject
Project("{FAE04EC0-301F-11D3-BF4B-00C04F79EFBC}") = "Tyuiu.GorovenkoGV.Sprint0.Task3V0", "Tyuiu.GorovenkoGV.Sprint0.Task3V0\Tyuiu.GorovenkoGV.Sprint0.Task3V0.csproj", "{360AACC6-F4C8-4E9F-AB60-6657FBB452F6}"
EndProject
Project("{FAE04EC0-301F-11D3-BF4B-00C04F79EFBC}") = "Tyuiu.GorovenkoGV.Sprint0.Task3V0.Lib", "Tyuiu.GorovenkoGV.Sprint0.Task3V0.Lib\Tyuiu.GorovenkoGV.Sprint0.Task3V0.Lib.csproj", "{ABA57CE8-BF96-4015-A43C-F40B3E3A3780}"
EndProject
Global
	GlobalSection(SolutionConfigurationPlatforms) = preSolution
		Debug|Any CPU = Debug|Any CPU
		Release|Any CPU = Release|Any CPU
	EndGlobalSection
	GlobalSection(ProjectConfigurationPlatforms) = postSolution
		{28B21C39-BC77-4A38-B22C-B8F3AE232D81}.Debug|Any CPU.ActiveCfg = Debug|Any CPU
		{28B21C39-BC77-4A38-B22C-B8F3AE232D81}.Debug|Any CPU.Build.0 = Debug|Any CPU
		{28B21C39-BC77-4A38-B22C-B8F3AE232D81}.Release|Any CPU.ActiveCfg = Release|Any CPU
		{28B21C39-BC77-4A38-B22C-B8F3AE232D81}.Release|Any CPU.Build.0 = Release|Any CPU
		{B04C562B-42E8-4DA2-8A4F-F98B2298CAD9}.Debug|Any CPU.ActiveCfg = Debug|Any CPU
		{B04C562B-42E8-4DA2-8A4F-F98B2298CAD9}.Debug|Any CPU.Build.0 = Debug|Any CPU
		{B04C562B-42E8-4DA2-8A4F-F98B2298CAD9}.Release|Any CPU.ActiveCfg = Release|Any CPU
		{B04C562B-42E8-4DA2-8A4F-F98B2298CAD9}.Release|Any CPU.Build.0 = Release|Any CPU
		{F3914AB1-01D0-4871-8B71-BC60003B35D8}.Debug|Any CPU.ActiveCfg = Debug|Any CPU
		{F3914AB1-01D0-4871-8B71-BC60003B35D8}.Debug|Any CPU.Build.0 = Debug|Any CPU
		{F3914AB1-01D0-4871-8B71-BC60003B35D8}.Release|Any CPU.ActiveCfg = Release|Any CPU
		{F3914AB1-01D0-4871-8B71-BC60003B35D8}.Release|Any CPU.Build.0 = Release|Any CPU
		{FDEC99A9-5DF0-4FE9-A532-D28AD038C763}.Debug|Any CPU.ActiveCfg = Debug|Any CPU
		{FDEC99A9-5DF0-4FE9-A532-D28AD038C763}.Debug|Any CPU.Build.0 = Debug|Any CPU
		{FDEC99A9-5DF0-4FE9-A532-D28AD038C763}.Release|Any CPU.ActiveCfg = Release|Any CPU
		{FDEC99A9-5DF0-4FE9-A532-D28AD038C763}.Release|Any CPU.Build.0 = Release|Any CPU
		{85BD4F71-1716-481F-B9B9-785EC69FF4B8}.Debug|Any CPU.ActiveCfg = Debug|Any CPU
		{85BD4F71-1716-481F-B9B9-785EC69FF4B8}.Debug|Any CPU.Build.0 = Debug|Any CPU
		{85BD4F71-1716-481F-B9B9-785EC69FF4B8}.Release|Any CPU.ActiveCfg = Release|Any CPU
		{85BD4F71-1716-481F-B9B9-785EC69FF4B8}.Release|Any CPU.Build.0 = Release|Any CPU
		{C0865FEB-4DA9-44B8-8E48-EE8E243F786E}.Debug|Any CPU.ActiveCfg = Debug|Any CPU
		{C0865FEB-4DA9-44B8-8E48-EE8E243F786E}.Debug|Any CPU.Build.0 = Debug|Any CPU
		{C0865FEB-4DA9-44B8-8E48-EE8E243F786E}.Release|Any CPU.ActiveCfg = Release|Any CPU
		{C0865FEB-4DA9-44B8-8E48-EE8E243F786E}.Release|Any CPU.Build.0 = Release|Any CPU
		{360AACC6-F4C8-4E9F-AB60-6657FBB452F6}.Debug|Any CPU.ActiveCfg = Debug|Any CPU
		{360AACC6-F4C8-4E9F-AB60-6657FBB452F6}.Debug|Any CPU.Build.0 = Debug|Any CPU
		{360AACC6-F4C8-4E9F-AB60-6657FBB452F6}.Release|Any CPU.ActiveCfg = Release|Any CPU
		{360AACC6-F4C8-4E9F-AB60-6657FBB452F6}.Release|Any CPU.Build.0 = Release|Any CPU
		{ABA57CE8-BF96-4015-A43C-F40B3E3A3780}.Debug|Any CPU.ActiveCfg = Debug|Any CPU
		{ABA57CE8-BF96-4015-A43C-F40B3E3A3780}.Debug|Any CPU.Build.0 = Debug|Any CPU
		{ABA57CE8-BF96-4015-A43C-F40B3E3A3780}.Release|Any CPU.ActiveCfg = Release|Any CPU
		{ABA57CE8-BF96-4015-A43C-F40B3E3A3780}.Release|Any CPU.Build.0 = Release|Any CPU
	EndGlobalSection
	GlobalSection(SolutionProperties) = preSolution
		HideSolutionNode = FALSE
	EndGlobalSection
	GlobalSection(NestedProjects) = preSolution
		{28B21C39-BC77-4A38-B22C-B8F3AE232D81} = {29092EC4-0802-433E-969C-F50007B67E98}
		{B04C562B-42E8-4DA2-8A4F-F98B2298CAD9} = {EE1C0167-1E39-4BD8-B72B-07A7C0114FFB}
		{F3914AB1-01D0-4871-8B71-BC60003B35D8} = {BC7B5206-7F81-4E70-946A-A52A2309D687}
		{FDEC99A9-5DF0-4FE9-A532-D28AD038C763} = {BC7B5206-7F81-4E70-946A-A52A2309D687}
		{85BD4F71-1716-481F-B9B9-785EC69FF4B8} = {BC7B5206-7F81-4E70-946A-A52A2309D687}
		{C0865FEB-4DA9-44B8-8E48-EE8E243F786E} = {9EC36F06-5EEF-4367-A1DC-A43405A07865}
		{360AACC6-F4C8-4E9F-AB60-6657FBB452F6} = {9EC36F06-5EEF-4367-A1DC-A43405A07865}
		{ABA57CE8-BF96-4015-A43C-F40B3E3A3780} = {9EC36F06-5EEF-4367-A1DC-A43405A07865}
	EndGlobalSection
	GlobalSection(ExtensibilityGlobals) = postSolution
		SolutionGuid = {45A3D824-7F6D-41A9-97AD-9F36B9D049BD}
	EndGlobalSection
EndGlobal
