
Microsoft Visual Studio Solution File, Format Version 12.00
# Visual Studio Version 16
VisualStudioVersion = 16.0.33927.289
MinimumVisualStudioVersion = 10.0.40219.1
Project("{2150E333-8FDC-42A3-9474-1A3956D46DE8}") = "task0", "task0", "{29092EC4-0802-433E-969C-F50007B67E98}"
EndProject
Project("{FAE04EC0-301F-11D3-BF4B-00C04F79EFBC}") = "Tyuiu.GorovenkoGV.Sprint0.Task0", "Tyuiu.GorovenkoGV.Sprint0.Task0\Tyuiu.GorovenkoGV.Sprint0.Task0.csproj", "{28B21C39-BC77-4A38-B22C-B8F3AE232D81}"
EndProject
Project("{2150E333-8FDC-42A3-9474-1A3956D46DE8}") = "task1", "task1", "{EE1C0167-1E39-4BD8-B72B-07A7C0114FFB}"
EndProject
Project("{FAE04EC0-301F-11D3-BF4B-00C04F79EFBC}") = "Tyuiu.GorovenkoGV.Sprint0.Task1.V0", "Tyuiu.GorovenkoGV.Sprint0.Task1.V0\Tyuiu.GorovenkoGV.Sprint0.Task1.V0.csproj", "{B04C562B-42E8-4DA2-8A4F-F98B2298CAD9}"
EndProject
Project("{2150E333-8FDC-42A3-9474-1A3956D46DE8}") = "task2", "task2", "{BC7B5206-7F81-4E70-946A-A52A2309D687}"
EndProject
Project("{FAE04EC0-301F-11D3-BF4B-00C04F79EFBC}") = "Tyuiu.GorovenkoGV.Sprint0.Task2.V0", "Tyuiu.GorovenkoGV.Sprint0.Task2.V0\Tyuiu.GorovenkoGV.Sprint0.Task2.V0.csproj", "{F3914AB1-01D0-4871-8B71-BC60003B35D8}"
EndProject
Project("{FAE04EC0-301F-11D3-BF4B-00C04F79EFBC}") = "Tyuiu.GorovenkoGV.Sprint0.Task2.V0.Lib", "Tyuiu.GorovenkoGV.Sprint0.Task2.V0.Lib\Tyuiu.GorovenkoGV.Sprint0.Task2.V0.Lib.csproj", "{FDEC99A9-5DF0-4FE9-A532-D28AD038C763}"
EndProject
Project("{FAE04EC0-301F-11D3-BF4B-00C04F79EFBC}") = "Tyuiu.GorovenkoGV.Sprint0.Task2V0.Test", "Tyuiu.GorovenkoGV.Sprint0.Task2V0.Test\Tyuiu.GorovenkoGV.Sprint0.Task2V0.Test.csproj", "{85BD4F71-1716-481F-B9B9-785EC69FF4B8}"
EndProject
Project("{2150E333-8FDC-42A3-9474-1A3956D46DE8}") = "task3", "task3", "{9EC36F06-5EEF-4367-A1DC-A43405A07865}"
EndProject
Project("{FAE04EC0-301F-11D3-BF4B-00C04F79EFBC}") = "Tyuiu.GorovenkoGV.Sprint0.Task3V0.Test", "Tyuiu.GorovenkoGV.Sprint0.Task3V0.Test\Tyuiu.GorovenkoGV.Sprint0.Task3V0.Test.csproj", "{C0865FEB-4DA9-44B8-8E48-EE8E243F786E}"
EndProject
Project("{FAE04EC0-301F-11D3-BF4B-00C04F79EFBC}") = "Tyuiu.GorovenkoGV.Sprint0.Task3V0", "Tyuiu.GorovenkoGV.Sprint0.Task3V0\Tyuiu.GorovenkoGV.Sprint0.Task3V0.csproj", "{360AACC6-F4C8-4E9F-AB60-6657FBB452F6}"
EndProject
Project("{FAE04EC0-301F-11D3-BF4B-00C04F79EFBC}") = "Tyuiu.GorovenkoGV.Sprint0.Task3V0.Lib", "Tyuiu.GorovenkoGV.Sprint0.Task3V0.Lib\Tyuiu.GorovenkoGV.Sprint0.Task3V0.Lib.csproj", "{ABA57CE8-BF96-4015-A43C-F40B3E3A3780}"
EndProject
Project("{2150E333-8FDC-42A3-9474-1A3956D46DE8}") = "task4", "task4", "{B5BBD3F1-F753-432A-ADCB-FE52FA8803A7}"
EndProject
Project("{FAE04EC0-301F-11D3-BF4B-00C04F79EFBC}") = "Tyuiu.GorovenkoGV.Sprint0.Task4V0.Lib", "Tyuiu.GorovenkoGV.Sprint0.Task4V0.Lib\Tyuiu.GorovenkoGV.Sprint0.Task4V0.Lib.csproj", "{157047D7-6D6C-4C1A-AC18-310D3E0DDC97}"
EndProject
Project("{FAE04EC0-301F-11D3-BF4B-00C04F79EFBC}") = "Tyuiu.GorovenkoGV.Sprint0.Task4V0.Test", "Tyuiu.GorovenkoGV.Sprint0.Task4V0.Test\Tyuiu.GorovenkoGV.Sprint0.Task4V0.Test.csproj", "{42647DAF-82D4-405C-B0DF-EC22D644F60F}"
EndProject
Project("{FAE04EC0-301F-11D3-BF4B-00C04F79EFBC}") = "Tyuiu.GorovenkoGV.Sprint0.Task4V0", "Tyuiu.GorovenkoGV.Sprint0.Task4V0\Tyuiu.GorovenkoGV.Sprint0.Task4V0.csproj", "{C3D38D66-44C2-4BFB-B28C-203C4CB1FC5D}"
EndProject
Project("{2150E333-8FDC-42A3-9474-1A3956D46DE8}") = "task5", "task5", "{0F50F1C5-D526-4AEE-BF23-A059AB393B20}"
EndProject
Project("{FAE04EC0-301F-11D3-BF4B-00C04F79EFBC}") = "Tyuiu.GorovenkoGV.Sprint0.Task5V0.Lib", "Tyuiu.GorovenkoGV.Sprint0.Task5.Lib\Tyuiu.GorovenkoGV.Sprint0.Task5V0.Lib.csproj", "{3FADC1BF-2D50-4C47-8281-7BA57B5A32FC}"
EndProject
Project("{FAE04EC0-301F-11D3-BF4B-00C04F79EFBC}") = "Tyuiu.GorovenkoGV.Sprint0.Task5V0.Test", "Tyuiu.GorovenkoGV.Sprint0.Task5.Test\Tyuiu.GorovenkoGV.Sprint0.Task5V0.Test.csproj", "{97A7BF32-7C53-420E-9FC5-0BE39E424510}"
EndProject
Project("{FAE04EC0-301F-11D3-BF4B-00C04F79EFBC}") = "Tyuiu.GorovenkoGV.Sprint0.Task5V0", "Tyuiu.GorovenkoGV.Sprint0.Task5\Tyuiu.GorovenkoGV.Sprint0.Task5V0.csproj", "{49960F36-E598-4AF8-9A14-07281162A16B}"
EndProject
Project("{2150E333-8FDC-42A3-9474-1A3956D46DE8}") = "task6", "task6", "{6A7BAF66-0E19-480E-91F5-B8AEE0D94DAD}"
EndProject
Project("{FAE04EC0-301F-11D3-BF4B-00C04F79EFBC}") = "Tyuiu.GorovenkoGV.Sprint0.Task6V0.Lib", "Tyuiu.GorovenkoGV.Sprint0.Task6.Lib\Tyuiu.GorovenkoGV.Sprint0.Task6V0.Lib.csproj", "{6CE6F9D9-7FD0-4671-BFEA-DC4A74E1F414}"
EndProject
Project("{FAE04EC0-301F-11D3-BF4B-00C04F79EFBC}") = "Tyuiu.GorovenkoGV.Sprint0.Task6V0.Test", "Tyuiu.GorovenkoGV.Sprint0.Task6.Test\Tyuiu.GorovenkoGV.Sprint0.Task6V0.Test.csproj", "{517071BF-8AA3-4DA7-B97F-679932940CD4}"
EndProject
Project("{FAE04EC0-301F-11D3-BF4B-00C04F79EFBC}") = "Tyuiu.GorovenkoGV.Sprint0.Task6V0", "Tyuiu.GorovenkoGV.Sprint0.Task6V0\Tyuiu.GorovenkoGV.Sprint0.Task6V0.csproj", "{3E24E9AD-2BA7-4B4D-9ECA-0F2C2A305634}"
EndProject
Project("{2150E333-8FDC-42A3-9474-1A3956D46DE8}") = "task7", "task7", "{D5D69A5C-003E-4B0F-90A4-7A515CBCDA78}"
EndProject
Project("{FAE04EC0-301F-11D3-BF4B-00C04F79EFBC}") = "Tyuiu.GorovenkoGV.Sprint0.Task7.V0.Lib", "Tyuiu.GorovenkoGV.Sprint0.Task7.V0.Lib\Tyuiu.GorovenkoGV.Sprint0.Task7.V0.Lib.csproj", "{D8D6FB5D-6C93-4AF3-B9EE-663677B6C436}"
EndProject
Project("{FAE04EC0-301F-11D3-BF4B-00C04F79EFBC}") = "Tyuiu.GorovenkoGV.Sprint0.Task7.V0.Test", "Tyuiu.GorovenkoGV.Sprint0.Task7.V0.Test\Tyuiu.GorovenkoGV.Sprint0.Task7.V0.Test.csproj", "{F8651947-2A82-46A0-B0F8-E67899316B5B}"
EndProject
Project("{FAE04EC0-301F-11D3-BF4B-00C04F79EFBC}") = "Tyuiu.GorovenkoGV.Sprint0.Task7.V0", "Tyuiu.GorovenkoGV.Sprint0.Task7.V0\Tyuiu.GorovenkoGV.Sprint0.Task7.V0.csproj", "{FA3C059C-D838-47ED-8C06-6622DDCC6ABF}"
EndProject
Global
	GlobalSection(SolutionConfigurationPlatforms) = preSolution
		Debug|Any CPU = Debug|Any CPU
		Release|Any CPU = Release|Any CPU
	EndGlobalSection
	GlobalSection(ProjectConfigurationPlatforms) = postSolution
		{28B21C39-BC77-4A38-B22C-B8F3AE232D81}.Debug|Any CPU.ActiveCfg = Debug|Any CPU
		{28B21C39-BC77-4A38-B22C-B8F3AE232D81}.Debug|Any CPU.Build.0 = Debug|Any CPU
		{28B21C39-BC77-4A38-B22C-B8F3AE232D81}.Release|Any CPU.ActiveCfg = Release|Any CPU
		{28B21C39-BC77-4A38-B22C-B8F3AE232D81}.Release|Any CPU.Build.0 = Release|Any CPU
		{B04C562B-42E8-4DA2-8A4F-F98B2298CAD9}.Debug|Any CPU.ActiveCfg = Debug|Any CPU
		{B04C562B-42E8-4DA2-8A4F-F98B2298CAD9}.Debug|Any CPU.Build.0 = Debug|Any CPU
		{B04C562B-42E8-4DA2-8A4F-F98B2298CAD9}.Release|Any CPU.ActiveCfg = Release|Any CPU
		{B04C562B-42E8-4DA2-8A4F-F98B2298CAD9}.Release|Any CPU.Build.0 = Release|Any CPU
		{F3914AB1-01D0-4871-8B71-BC60003B35D8}.Debug|Any CPU.ActiveCfg = Debug|Any CPU
		{F3914AB1-01D0-4871-8B71-BC60003B35D8}.Debug|Any CPU.Build.0 = Debug|Any CPU
		{F3914AB1-01D0-4871-8B71-BC60003B35D8}.Release|Any CPU.ActiveCfg = Release|Any CPU
		{F3914AB1-01D0-4871-8B71-BC60003B35D8}.Release|Any CPU.Build.0 = Release|Any CPU
		{FDEC99A9-5DF0-4FE9-A532-D28AD038C763}.Debug|Any CPU.ActiveCfg = Debug|Any CPU
		{FDEC99A9-5DF0-4FE9-A532-D28AD038C763}.Debug|Any CPU.Build.0 = Debug|Any CPU
		{FDEC99A9-5DF0-4FE9-A532-D28AD038C763}.Release|Any CPU.ActiveCfg = Release|Any CPU
		{FDEC99A9-5DF0-4FE9-A532-D28AD038C763}.Release|Any CPU.Build.0 = Release|Any CPU
		{85BD4F71-1716-481F-B9B9-785EC69FF4B8}.Debug|Any CPU.ActiveCfg = Debug|Any CPU
		{85BD4F71-1716-481F-B9B9-785EC69FF4B8}.Debug|Any CPU.Build.0 = Debug|Any CPU
		{85BD4F71-1716-481F-B9B9-785EC69FF4B8}.Release|Any CPU.ActiveCfg = Release|Any CPU
		{85BD4F71-1716-481F-B9B9-785EC69FF4B8}.Release|Any CPU.Build.0 = Release|Any CPU
		{C0865FEB-4DA9-44B8-8E48-EE8E243F786E}.Debug|Any CPU.ActiveCfg = Debug|Any CPU
		{C0865FEB-4DA9-44B8-8E48-EE8E243F786E}.Debug|Any CPU.Build.0 = Debug|Any CPU
		{C0865FEB-4DA9-44B8-8E48-EE8E243F786E}.Release|Any CPU.ActiveCfg = Release|Any CPU
		{C0865FEB-4DA9-44B8-8E48-EE8E243F786E}.Release|Any CPU.Build.0 = Release|Any CPU
		{360AACC6-F4C8-4E9F-AB60-6657FBB452F6}.Debug|Any CPU.ActiveCfg = Debug|Any CPU
		{360AACC6-F4C8-4E9F-AB60-6657FBB452F6}.Debug|Any CPU.Build.0 = Debug|Any CPU
		{360AACC6-F4C8-4E9F-AB60-6657FBB452F6}.Release|Any CPU.ActiveCfg = Release|Any CPU
		{360AACC6-F4C8-4E9F-AB60-6657FBB452F6}.Release|Any CPU.Build.0 = Release|Any CPU
		{ABA57CE8-BF96-4015-A43C-F40B3E3A3780}.Debug|Any CPU.ActiveCfg = Debug|Any CPU
		{ABA57CE8-BF96-4015-A43C-F40B3E3A3780}.Debug|Any CPU.Build.0 = Debug|Any CPU
		{ABA57CE8-BF96-4015-A43C-F40B3E3A3780}.Release|Any CPU.ActiveCfg = Release|Any CPU
		{ABA57CE8-BF96-4015-A43C-F40B3E3A3780}.Release|Any CPU.Build.0 = Release|Any CPU
		{157047D7-6D6C-4C1A-AC18-310D3E0DDC97}.Debug|Any CPU.ActiveCfg = Debug|Any CPU
		{157047D7-6D6C-4C1A-AC18-310D3E0DDC97}.Debug|Any CPU.Build.0 = Debug|Any CPU
		{157047D7-6D6C-4C1A-AC18-310D3E0DDC97}.Release|Any CPU.ActiveCfg = Release|Any CPU
		{157047D7-6D6C-4C1A-AC18-310D3E0DDC97}.Release|Any CPU.Build.0 = Release|Any CPU
		{42647DAF-82D4-405C-B0DF-EC22D644F60F}.Debug|Any CPU.ActiveCfg = Debug|Any CPU
		{42647DAF-82D4-405C-B0DF-EC22D644F60F}.Debug|Any CPU.Build.0 = Debug|Any CPU
		{42647DAF-82D4-405C-B0DF-EC22D644F60F}.Release|Any CPU.ActiveCfg = Release|Any CPU
		{42647DAF-82D4-405C-B0DF-EC22D644F60F}.Release|Any CPU.Build.0 = Release|Any CPU
		{C3D38D66-44C2-4BFB-B28C-203C4CB1FC5D}.Debug|Any CPU.ActiveCfg = Debug|Any CPU
		{C3D38D66-44C2-4BFB-B28C-203C4CB1FC5D}.Debug|Any CPU.Build.0 = Debug|Any CPU
		{C3D38D66-44C2-4BFB-B28C-203C4CB1FC5D}.Release|Any CPU.ActiveCfg = Release|Any CPU
		{C3D38D66-44C2-4BFB-B28C-203C4CB1FC5D}.Release|Any CPU.Build.0 = Release|Any CPU
		{3FADC1BF-2D50-4C47-8281-7BA57B5A32FC}.Debug|Any CPU.ActiveCfg = Debug|Any CPU
		{3FADC1BF-2D50-4C47-8281-7BA57B5A32FC}.Debug|Any CPU.Build.0 = Debug|Any CPU
		{3FADC1BF-2D50-4C47-8281-7BA57B5A32FC}.Release|Any CPU.ActiveCfg = Release|Any CPU
		{3FADC1BF-2D50-4C47-8281-7BA57B5A32FC}.Release|Any CPU.Build.0 = Release|Any CPU
		{97A7BF32-7C53-420E-9FC5-0BE39E424510}.Debug|Any CPU.ActiveCfg = Debug|Any CPU
		{97A7BF32-7C53-420E-9FC5-0BE39E424510}.Debug|Any CPU.Build.0 = Debug|Any CPU
		{97A7BF32-7C53-420E-9FC5-0BE39E424510}.Release|Any CPU.ActiveCfg = Release|Any CPU
		{97A7BF32-7C53-420E-9FC5-0BE39E424510}.Release|Any CPU.Build.0 = Release|Any CPU
		{49960F36-E598-4AF8-9A14-07281162A16B}.Debug|Any CPU.ActiveCfg = Debug|Any CPU
		{49960F36-E598-4AF8-9A14-07281162A16B}.Debug|Any CPU.Build.0 = Debug|Any CPU
		{49960F36-E598-4AF8-9A14-07281162A16B}.Release|Any CPU.ActiveCfg = Release|Any CPU
		{49960F36-E598-4AF8-9A14-07281162A16B}.Release|Any CPU.Build.0 = Release|Any CPU
		{6CE6F9D9-7FD0-4671-BFEA-DC4A74E1F414}.Debug|Any CPU.ActiveCfg = Debug|Any CPU
		{6CE6F9D9-7FD0-4671-BFEA-DC4A74E1F414}.Debug|Any CPU.Build.0 = Debug|Any CPU
		{6CE6F9D9-7FD0-4671-BFEA-DC4A74E1F414}.Release|Any CPU.ActiveCfg = Release|Any CPU
		{6CE6F9D9-7FD0-4671-BFEA-DC4A74E1F414}.Release|Any CPU.Build.0 = Release|Any CPU
		{517071BF-8AA3-4DA7-B97F-679932940CD4}.Debug|Any CPU.ActiveCfg = Debug|Any CPU
		{517071BF-8AA3-4DA7-B97F-679932940CD4}.Debug|Any CPU.Build.0 = Debug|Any CPU
		{517071BF-8AA3-4DA7-B97F-679932940CD4}.Release|Any CPU.ActiveCfg = Release|Any CPU
		{517071BF-8AA3-4DA7-B97F-679932940CD4}.Release|Any CPU.Build.0 = Release|Any CPU
		{3E24E9AD-2BA7-4B4D-9ECA-0F2C2A305634}.Debug|Any CPU.ActiveCfg = Debug|Any CPU
		{3E24E9AD-2BA7-4B4D-9ECA-0F2C2A305634}.Debug|Any CPU.Build.0 = Debug|Any CPU
		{3E24E9AD-2BA7-4B4D-9ECA-0F2C2A305634}.Release|Any CPU.ActiveCfg = Release|Any CPU
		{3E24E9AD-2BA7-4B4D-9ECA-0F2C2A305634}.Release|Any CPU.Build.0 = Release|Any CPU
		{D8D6FB5D-6C93-4AF3-B9EE-663677B6C436}.Debug|Any CPU.ActiveCfg = Debug|Any CPU
		{D8D6FB5D-6C93-4AF3-B9EE-663677B6C436}.Debug|Any CPU.Build.0 = Debug|Any CPU
		{D8D6FB5D-6C93-4AF3-B9EE-663677B6C436}.Release|Any CPU.ActiveCfg = Release|Any CPU
		{D8D6FB5D-6C93-4AF3-B9EE-663677B6C436}.Release|Any CPU.Build.0 = Release|Any CPU
		{F8651947-2A82-46A0-B0F8-E67899316B5B}.Debug|Any CPU.ActiveCfg = Debug|Any CPU
		{F8651947-2A82-46A0-B0F8-E67899316B5B}.Debug|Any CPU.Build.0 = Debug|Any CPU
		{F8651947-2A82-46A0-B0F8-E67899316B5B}.Release|Any CPU.ActiveCfg = Release|Any CPU
		{F8651947-2A82-46A0-B0F8-E67899316B5B}.Release|Any CPU.Build.0 = Release|Any CPU
		{FA3C059C-D838-47ED-8C06-6622DDCC6ABF}.Debug|Any CPU.ActiveCfg = Debug|Any CPU
		{FA3C059C-D838-47ED-8C06-6622DDCC6ABF}.Debug|Any CPU.Build.0 = Debug|Any CPU
		{FA3C059C-D838-47ED-8C06-6622DDCC6ABF}.Release|Any CPU.ActiveCfg = Release|Any CPU
		{FA3C059C-D838-47ED-8C06-6622DDCC6ABF}.Release|Any CPU.Build.0 = Release|Any CPU
	EndGlobalSection
	GlobalSection(SolutionProperties) = preSolution
		HideSolutionNode = FALSE
	EndGlobalSection
	GlobalSection(NestedProjects) = preSolution
		{28B21C39-BC77-4A38-B22C-B8F3AE232D81} = {29092EC4-0802-433E-969C-F50007B67E98}
		{B04C562B-42E8-4DA2-8A4F-F98B2298CAD9} = {EE1C0167-1E39-4BD8-B72B-07A7C0114FFB}
		{F3914AB1-01D0-4871-8B71-BC60003B35D8} = {BC7B5206-7F81-4E70-946A-A52A2309D687}
		{FDEC99A9-5DF0-4FE9-A532-D28AD038C763} = {BC7B5206-7F81-4E70-946A-A52A2309D687}
		{85BD4F71-1716-481F-B9B9-785EC69FF4B8} = {BC7B5206-7F81-4E70-946A-A52A2309D687}
		{C0865FEB-4DA9-44B8-8E48-EE8E243F786E} = {9EC36F06-5EEF-4367-A1DC-A43405A07865}
		{360AACC6-F4C8-4E9F-AB60-6657FBB452F6} = {9EC36F06-5EEF-4367-A1DC-A43405A07865}
		{ABA57CE8-BF96-4015-A43C-F40B3E3A3780} = {9EC36F06-5EEF-4367-A1DC-A43405A07865}
		{157047D7-6D6C-4C1A-AC18-310D3E0DDC97} = {B5BBD3F1-F753-432A-ADCB-FE52FA8803A7}
		{42647DAF-82D4-405C-B0DF-EC22D644F60F} = {B5BBD3F1-F753-432A-ADCB-FE52FA8803A7}
		{C3D38D66-44C2-4BFB-B28C-203C4CB1FC5D} = {B5BBD3F1-F753-432A-ADCB-FE52FA8803A7}
		{3FADC1BF-2D50-4C47-8281-7BA57B5A32FC} = {0F50F1C5-D526-4AEE-BF23-A059AB393B20}
		{97A7BF32-7C53-420E-9FC5-0BE39E424510} = {0F50F1C5-D526-4AEE-BF23-A059AB393B20}
		{49960F36-E598-4AF8-9A14-07281162A16B} = {0F50F1C5-D526-4AEE-BF23-A059AB393B20}
		{6CE6F9D9-7FD0-4671-BFEA-DC4A74E1F414} = {6A7BAF66-0E19-480E-91F5-B8AEE0D94DAD}
		{517071BF-8AA3-4DA7-B97F-679932940CD4} = {6A7BAF66-0E19-480E-91F5-B8AEE0D94DAD}
		{3E24E9AD-2BA7-4B4D-9ECA-0F2C2A305634} = {6A7BAF66-0E19-480E-91F5-B8AEE0D94DAD}
		{D8D6FB5D-6C93-4AF3-B9EE-663677B6C436} = {D5D69A5C-003E-4B0F-90A4-7A515CBCDA78}
		{F8651947-2A82-46A0-B0F8-E67899316B5B} = {D5D69A5C-003E-4B0F-90A4-7A515CBCDA78}
		{FA3C059C-D838-47ED-8C06-6622DDCC6ABF} = {D5D69A5C-003E-4B0F-90A4-7A515CBCDA78}
	EndGlobalSection
	GlobalSection(ExtensibilityGlobals) = postSolution
		SolutionGuid = {45A3D824-7F6D-41A9-97AD-9F36B9D049BD}
	EndGlobalSection
EndGlobal
